// !$*UTF8*$!
{
	archiveVersion = 1;
	classes = {
	};
	objectVersion = 42;
	objects = {

/* Begin PBXBuildFile section */
		8DD76F6A0486A84900D96B5E /* ab-bugs.1 in CopyFiles */ = {isa = PBXBuildFile; fileRef = C6859E8B029090EE04C91782 /* ab-bugs.1 */; };
		CE045C750DA66C1100E9B0CE /* cell.cpp in Sources */ = {isa = PBXBuildFile; fileRef = CE045C6C0DA66C1100E9B0CE /* cell.cpp */; };
		CE045C760DA66C1100E9B0CE /* cell.h in CopyFiles */ = {isa = PBXBuildFile; fileRef = CE045C6D0DA66C1100E9B0CE /* cell.h */; };
		CE045C770DA66C1100E9B0CE /* grid.cpp in Sources */ = {isa = PBXBuildFile; fileRef = CE045C6E0DA66C1100E9B0CE /* grid.cpp */; };
		CE045C780DA66C1100E9B0CE /* grid.h in CopyFiles */ = {isa = PBXBuildFile; fileRef = CE045C6F0DA66C1100E9B0CE /* grid.h */; };
		CE045C7B0DA66C1100E9B0CE /* main.cpp in Sources */ = {isa = PBXBuildFile; fileRef = CE045C720DA66C1100E9B0CE /* main.cpp */; };
		CE045C7C0DA66C1100E9B0CE /* wasp.cpp in Sources */ = {isa = PBXBuildFile; fileRef = CE045C730DA66C1100E9B0CE /* wasp.cpp */; };
		CE045C7D0DA66C1100E9B0CE /* wasp.h in CopyFiles */ = {isa = PBXBuildFile; fileRef = CE045C740DA66C1100E9B0CE /* wasp.h */; };
/* End PBXBuildFile section */

/* Begin PBXCopyFilesBuildPhase section */
		8DD76F690486A84900D96B5E /* CopyFiles */ = {
			isa = PBXCopyFilesBuildPhase;
			buildActionMask = 8;
			dstPath = /usr/share/man/man1/;
			dstSubfolderSpec = 0;
			files = (
				8DD76F6A0486A84900D96B5E /* ab-bugs.1 in CopyFiles */,
				CE045C760DA66C1100E9B0CE /* cell.h in CopyFiles */,
				CE045C780DA66C1100E9B0CE /* grid.h in CopyFiles */,
				CE045C7D0DA66C1100E9B0CE /* wasp.h in CopyFiles */,
			);
			runOnlyForDeploymentPostprocessing = 1;
		};
/* End PBXCopyFilesBuildPhase section */

/* Begin PBXFileReference section */
		84AB8B750F2DD14A00185490 /* main.h */ = {isa = PBXFileReference; fileEncoding = 4; lastKnownFileType = sourcecode.c.h; path = main.h; sourceTree = "<group>"; };
		84AB8B760F2DD14A00185490 /* main.h */ = {isa = PBXFileReference; fileEncoding = 4; lastKnownFileType = sourcecode.c.h; path = main.h; sourceTree = "<group>"; };
		84AB8C130F2DE52A00185490 /* main.h */ = {isa = PBXFileReference; fileEncoding = 4; lastKnownFileType = sourcecode.c.h; path = main.h; sourceTree = "<group>"; };
		8DD76F6C0486A84900D96B5E /* ab-bugs */ = {isa = PBXFileReference; explicitFileType = "compiled.mach-o.executable"; includeInIndex = 0; path = "ab-bugs"; sourceTree = BUILT_PRODUCTS_DIR; };
		C6859E8B029090EE04C91782 /* ab-bugs.1 */ = {isa = PBXFileReference; lastKnownFileType = text.man; path = "ab-bugs.1"; sourceTree = "<group>"; };
		CE045C6C0DA66C1100E9B0CE /* cell.cpp */ = {isa = PBXFileReference; fileEncoding = 30; lastKnownFileType = sourcecode.cpp.cpp; path = cell.cpp; sourceTree = "<group>"; };
		CE045C6D0DA66C1100E9B0CE /* cell.h */ = {isa = PBXFileReference; fileEncoding = 30; lastKnownFileType = sourcecode.c.h; path = cell.h; sourceTree = "<group>"; };
		CE045C6E0DA66C1100E9B0CE /* grid.cpp */ = {isa = PBXFileReference; fileEncoding = 30; lastKnownFileType = sourcecode.cpp.cpp; path = grid.cpp; sourceTree = "<group>"; };
		CE045C6F0DA66C1100E9B0CE /* grid.h */ = {isa = PBXFileReference; fileEncoding = 30; lastKnownFileType = sourcecode.c.h; path = grid.h; sourceTree = "<group>"; };
		CE045C720DA66C1100E9B0CE /* main.cpp */ = {isa = PBXFileReference; fileEncoding = 30; lastKnownFileType = sourcecode.cpp.cpp; path = main.cpp; sourceTree = "<group>"; };
		CE045C730DA66C1100E9B0CE /* wasp.cpp */ = {isa = PBXFileReference; fileEncoding = 30; lastKnownFileType = sourcecode.cpp.cpp; path = wasp.cpp; sourceTree = "<group>"; };
		CE045C740DA66C1100E9B0CE /* wasp.h */ = {isa = PBXFileReference; fileEncoding = 30; lastKnownFileType = sourcecode.c.h; path = wasp.h; sourceTree = "<group>"; };
/* End PBXFileReference section */

/* Begin PBXFrameworksBuildPhase section */
		8DD76F660486A84900D96B5E /* Frameworks */ = {
			isa = PBXFrameworksBuildPhase;
			buildActionMask = 2147483647;
			files = (
			);
			runOnlyForDeploymentPostprocessing = 0;
		};
/* End PBXFrameworksBuildPhase section */

/* Begin PBXGroup section */
		08FB7794FE84155DC02AAC07 /* ab-bugs */ = {
			isa = PBXGroup;
			children = (
				84AB8B750F2DD14A00185490 /* main.h */,
				84AB8B760F2DD14A00185490 /* main.h */,
				08FB7795FE84155DC02AAC07 /* Source */,
				C6859E8C029090F304C91782 /* Documentation */,
				1AB674ADFE9D54B511CA2CBB /* Products */,
			);
			name = "ab-bugs";
			sourceTree = "<group>";
		};
		08FB7795FE84155DC02AAC07 /* Source */ = {
			isa = PBXGroup;
			children = (
				CE045C6C0DA66C1100E9B0CE /* cell.cpp */,
				84AB8C130F2DE52A00185490 /* main.h */,
				CE045C6D0DA66C1100E9B0CE /* cell.h */,
				CE045C6E0DA66C1100E9B0CE /* grid.cpp */,
				CE045C6F0DA66C1100E9B0CE /* grid.h */,
				CE045C720DA66C1100E9B0CE /* main.cpp */,
				CE045C730DA66C1100E9B0CE /* wasp.cpp */,
				CE045C740DA66C1100E9B0CE /* wasp.h */,
			);
			name = Source;
			sourceTree = "<group>";
		};
		1AB674ADFE9D54B511CA2CBB /* Products */ = {
			isa = PBXGroup;
			children = (
				8DD76F6C0486A84900D96B5E /* ab-bugs */,
			);
			name = Products;
			sourceTree = "<group>";
		};
		C6859E8C029090F304C91782 /* Documentation */ = {
			isa = PBXGroup;
			children = (
				C6859E8B029090EE04C91782 /* ab-bugs.1 */,
			);
			name = Documentation;
			sourceTree = "<group>";
		};
/* End PBXGroup section */

/* Begin PBXNativeTarget section */
		8DD76F620486A84900D96B5E /* ab-bugs */ = {
			isa = PBXNativeTarget;
			buildConfigurationList = CE045C620DA66BF100E9B0CE /* Build configuration list for PBXNativeTarget "ab-bugs" */;
			buildPhases = (
				8DD76F640486A84900D96B5E /* Sources */,
				8DD76F660486A84900D96B5E /* Frameworks */,
				8DD76F690486A84900D96B5E /* CopyFiles */,
			);
			buildRules = (
			);
			dependencies = (
			);
			name = "ab-bugs";
			productInstallPath = "$(HOME)/bin";
			productName = "ab-bugs";
			productReference = 8DD76F6C0486A84900D96B5E /* ab-bugs */;
			productType = "com.apple.product-type.tool";
		};
/* End PBXNativeTarget section */

/* Begin PBXProject section */
		08FB7793FE84155DC02AAC07 /* Project object */ = {
			isa = PBXProject;
			attributes = {
			};
			buildConfigurationList = CE045C660DA66BF100E9B0CE /* Build configuration list for PBXProject "ab-bugs" */;
			compatibilityVersion = "Xcode 2.4";
			developmentRegion = English;
			hasScannedForEncodings = 1;
			knownRegions = (
				English,
				Japanese,
				French,
				German,
			);
			mainGroup = 08FB7794FE84155DC02AAC07 /* ab-bugs */;
			projectDirPath = "";
			projectRoot = "";
			targets = (
				8DD76F620486A84900D96B5E /* ab-bugs */,
			);
		};
/* End PBXProject section */

/* Begin PBXSourcesBuildPhase section */
		8DD76F640486A84900D96B5E /* Sources */ = {
			isa = PBXSourcesBuildPhase;
			buildActionMask = 2147483647;
			files = (
				CE045C750DA66C1100E9B0CE /* cell.cpp in Sources */,
				CE045C770DA66C1100E9B0CE /* grid.cpp in Sources */,
				CE045C7B0DA66C1100E9B0CE /* main.cpp in Sources */,
				CE045C7C0DA66C1100E9B0CE /* wasp.cpp in Sources */,
			);
			runOnlyForDeploymentPostprocessing = 0;
		};
/* End PBXSourcesBuildPhase section */

/* Begin XCBuildConfiguration section */
		CE045C630DA66BF100E9B0CE /* Debug */ = {
			isa = XCBuildConfiguration;
			buildSettings = {
				COPY_PHASE_STRIP = NO;
				GCC_DYNAMIC_NO_PIC = NO;
				GCC_ENABLE_FIX_AND_CONTINUE = YES;
				GCC_GENERATE_DEBUGGING_SYMBOLS = YES;
				GCC_MODEL_TUNING = G5;
				GCC_OPTIMIZATION_LEVEL = 0;
				GCC_WARN_ABOUT_RETURN_TYPE = YES;
				GCC_WARN_UNUSED_VARIABLE = YES;
				INSTALL_PATH = "$(HOME)/bin";
				PREBINDING = NO;
				PRODUCT_NAME = "ab-bugs";
				ZERO_LINK = YES;
			};
			name = Debug;
		};
		CE045C640DA66BF100E9B0CE /* Release */ = {
			isa = XCBuildConfiguration;
			buildSettings = {
				COPY_PHASE_STRIP = YES;
				GCC_ENABLE_FIX_AND_CONTINUE = NO;
				GCC_GENERATE_DEBUGGING_SYMBOLS = NO;
				GCC_MODEL_TUNING = G5;
				GCC_WARN_ABOUT_RETURN_TYPE = YES;
				GCC_WARN_UNUSED_VARIABLE = YES;
				INSTALL_PATH = "$(HOME)/bin";
				PREBINDING = NO;
				PRODUCT_NAME = "ab-bugs";
				ZERO_LINK = NO;
			};
			name = Release;
		};
		CE045C650DA66BF100E9B0CE /* Default */ = {
			isa = XCBuildConfiguration;
			buildSettings = {
				GCC_GENERATE_DEBUGGING_SYMBOLS = NO;
				GCC_MODEL_TUNING = G5;
				GCC_WARN_ABOUT_RETURN_TYPE = YES;
				GCC_WARN_UNUSED_VARIABLE = YES;
				INSTALL_PATH = "$(HOME)/bin";
				PREBINDING = NO;
				PRODUCT_NAME = "ab-bugs";
			};
			name = Default;
		};
		CE045C670DA66BF100E9B0CE /* Debug */ = {
			isa = XCBuildConfiguration;
			buildSettings = {
				MACOSX_DEPLOYMENT_TARGET = 10.7;
			};
			name = Debug;
		};
		CE045C680DA66BF100E9B0CE /* Release */ = {
			isa = XCBuildConfiguration;
			buildSettings = {
				MACOSX_DEPLOYMENT_TARGET = 10.7;
			};
			name = Release;
		};
		CE045C690DA66BF100E9B0CE /* Default */ = {
			isa = XCBuildConfiguration;
			buildSettings = {
				MACOSX_DEPLOYMENT_TARGET = 10.7;
			};
			name = Default;
		};
/* End XCBuildConfiguration section */

/* Begin XCConfigurationList section */
		CE045C620DA66BF100E9B0CE /* Build configuration list for PBXNativeTarget "ab-bugs" */ = {
			isa = XCConfigurationList;
			buildConfigurations = (
				CE045C630DA66BF100E9B0CE /* Debug */,
				CE045C640DA66BF100E9B0CE /* Release */,
				CE045C650DA66BF100E9B0CE /* Default */,
			);
			defaultConfigurationIsVisible = 0;
			defaultConfigurationName = Default;
		};
		CE045C660DA66BF100E9B0CE /* Build configuration list for PBXProject "ab-bugs" */ = {
			isa = XCConfigurationList;
			buildConfigurations = (
				CE045C670DA66BF100E9B0CE /* Debug */,
				CE045C680DA66BF100E9B0CE /* Release */,
				CE045C690DA66BF100E9B0CE /* Default */,
			);
			defaultConfigurationIsVisible = 0;
			defaultConfigurationName = Default;
		};
/* End XCConfigurationList section */
	};
	rootObject = 08FB7793FE84155DC02AAC07 /* Project object */;
}
